version: 2.0
shards:
  db:
    git: https://github.com/crystal-lang/crystal-db.git
    version: 0.10.1

  granite:
    git: https://github.com/amberframework/granite.git
    version: 0.23.0

  micrate:
    git: https://github.com/juanedi/micrate.git
    version: 0.12.0

  sqlite3:
    git: https://github.com/crystal-lang/crystal-sqlite3.git
    version: 0.18.0

